{
  "name": "pp-assistant-library",
  "version": "0.0.15",
  "lockfileVersion": 2,
  "requires": true,
  "packages": {
    "": {
      "name": "pp-assistant-library",
      "version": "0.0.15",
      "dependencies": {
        "tslib": "^2.3.0"
      },
      "peerDependencies": {
        "@angular/common": "^12.2.0",
        "@angular/core": "^12.2.0",
        "@ngx-translate/core": "^13.0.0",
        "@ngx-translate/http-loader": "^6.0.0",
        "primeicons": "^5.0.0",
        "primeng": "^12.1.0-rc.1"
      }
    },
    "node_modules/@angular/common": {
      "version": "12.2.16",
      "resolved": "https://registry.npmjs.org/@angular/common/-/common-12.2.16.tgz",
      "integrity": "sha512-FEqTXTEsnbDInqV1yFlm97Tz1OFqZS5t0TUkm8gzXRgpIce/F/jLwAg0u1VQkgOsno6cNm0xTWPoZgu85NI4ug==",
      "peer": true,
      "dependencies": {
        "tslib": "^2.2.0"
      },
      "engines": {
        "node": "^12.14.1 || >=14.0.0"
      },
      "peerDependencies": {
        "@angular/core": "12.2.16",
        "rxjs": "^6.5.3 || ^7.0.0"
      }
    },
    "node_modules/@angular/core": {
      "version": "12.2.16",
      "resolved": "https://registry.npmjs.org/@angular/core/-/core-12.2.16.tgz",
      "integrity": "sha512-jsmvaRdAfng99z2a9mAmkfcsCE1wm+tBYVDxnc5JquSXznwtncjzcoc2X0J0dzrkCDvzFfpTsZ9vehylytBc+A==",
      "peer": true,
      "dependencies": {
        "tslib": "^2.2.0"
      },
      "engines": {
        "node": "^12.14.1 || >=14.0.0"
      },
      "peerDependencies": {
        "rxjs": "^6.5.3 || ^7.0.0",
        "zone.js": "~0.11.4"
      }
    },
    "node_modules/@angular/forms": {
      "version": "12.2.16",
      "resolved": "https://registry.npmjs.org/@angular/forms/-/forms-12.2.16.tgz",
      "integrity": "sha512-sb+gpNun5aN7CZfHXS6X7vJcd/0A1P/gRBZpYtQTzBYnqEFCOFIvR62eb05aHQ4JhgKaSPpIXrbz/bAwY/njZw==",
      "peer": true,
      "dependencies": {
        "tslib": "^2.2.0"
      },
      "engines": {
        "node": "^12.14.1 || >=14.0.0"
      },
      "peerDependencies": {
        "@angular/common": "12.2.16",
        "@angular/core": "12.2.16",
        "@angular/platform-browser": "12.2.16",
        "rxjs": "^6.5.3 || ^7.0.0"
      }
    },
    "node_modules/@angular/platform-browser": {
      "version": "12.2.16",
      "resolved": "https://registry.npmjs.org/@angular/platform-browser/-/platform-browser-12.2.16.tgz",
      "integrity": "sha512-T855ppLeQO6hRHi7lGf5fwPoUVt+c0h2rgkV5jHElc3ylaGnhecmZc6fnWLX4pw82TMJUgUV88CY8JCFabJWwg==",
      "peer": true,
      "dependencies": {
        "tslib": "^2.2.0"
      },
      "engines": {
        "node": "^12.14.1 || >=14.0.0"
      },
      "peerDependencies": {
        "@angular/animations": "12.2.16",
        "@angular/common": "12.2.16",
        "@angular/core": "12.2.16"
      },
      "peerDependenciesMeta": {
        "@angular/animations": {
          "optional": true
        }
      }
    },
    "node_modules/@ngx-translate/core": {
      "version": "13.0.0",
      "resolved": "https://registry.npmjs.org/@ngx-translate/core/-/core-13.0.0.tgz",
      "integrity": "sha512-+tzEp8wlqEnw0Gc7jtVRAJ6RteUjXw6JJR4O65KlnxOmJrCGPI0xjV/lKRnQeU0w4i96PQs/jtpL921Wrb7PWg==",
      "peer": true,
      "dependencies": {
        "tslib": "^2.0.0"
      },
      "peerDependencies": {
        "@angular/core": ">=10.0.0",
        "rxjs": ">=6.5.3"
      }
    },
    "node_modules/@ngx-translate/http-loader": {
      "version": "6.0.0",
      "resolved": "https://registry.npmjs.org/@ngx-translate/http-loader/-/http-loader-6.0.0.tgz",
      "integrity": "sha512-LCekn6qCbeXWlhESCxU1rAbZz33WzDG0lI7Ig0pYC1o5YxJWrkU9y3Y4tNi+jakQ7R6YhTR2D3ox6APxDtA0wA==",
      "peer": true,
      "dependencies": {
        "tslib": "^2.0.0"
      },
      "peerDependencies": {
        "@angular/common": ">=10.0.0",
        "@ngx-translate/core": ">=13.0.0",
        "rxjs": ">=6.5.3"
      }
    },
    "node_modules/primeicons": {
      "version": "5.0.0",
      "resolved": "https://registry.npmjs.org/primeicons/-/primeicons-5.0.0.tgz",
      "integrity": "sha512-heygWF0X5HFI1otlZE62pp6ye7sZ8om78J9au2BRkg8O7Y8AHTZ9qKMRzchZUHLe8zUAvdi6hZzzm9XxgwIExw==",
      "peer": true
    },
    "node_modules/primeng": {
      "version": "12.2.3",
      "resolved": "https://registry.npmjs.org/primeng/-/primeng-12.2.3.tgz",
      "integrity": "sha512-O6NrFpdr8fPyD+8y85zGiBj5vacD2JZuBA2D6UpFav/8hx1OHX4hJYPGSZDyiAXn8v3lQjVD72ekIqox70II4A==",
      "peer": true,
      "dependencies": {
        "tslib": "^2.1.0"
      },
      "peerDependencies": {
        "@angular/common": "^7.0.0 || ^8.0.0 || ^9.0.0 || ^10.0.0 || ^11.0.0 || ^12.0.0",
        "@angular/core": "^7.0.0 || ^8.0.0 || ^9.0.0 || ^10.0.0 || ^11.0.0 || ^12.0.0",
        "@angular/forms": "^7.0.0 || ^8.0.0 || ^9.0.0 || ^10.0.0 || ^11.0.0 || ^12.0.0",
        "rxjs": "^6.0.0 || ^7.0.0",
        "zone.js": "^0.10.2 || ^0.11.0"
      }
    },
    "node_modules/rxjs": {
      "version": "7.5.2",
      "resolved": "https://registry.npmjs.org/rxjs/-/rxjs-7.5.2.tgz",
      "integrity": "sha512-PwDt186XaL3QN5qXj/H9DGyHhP3/RYYgZZwqBv9Tv8rsAaiwFH1IsJJlcgD37J7UW5a6O67qX0KWKS3/pu0m4w==",
      "peer": true,
      "dependencies": {
        "tslib": "^2.1.0"
      }
    },
    "node_modules/tslib": {
      "version": "2.3.1",
      "resolved": "https://registry.npmjs.org/tslib/-/tslib-2.3.1.tgz",
      "integrity": "sha512-77EbyPPpMz+FRFRuAFlWMtmgUWGe9UOG2Z25NqCwiIjRhOf5iKGuzSe5P2w1laq+FkRy4p+PCuVkJSGkzTEKVw=="
    },
    "node_modules/zone.js": {
      "version": "0.11.4",
      "resolved": "https://registry.npmjs.org/zone.js/-/zone.js-0.11.4.tgz",
      "integrity": "sha512-DDh2Ab+A/B+9mJyajPjHFPWfYU1H+pdun4wnnk0OcQTNjem1XQSZ2CDW+rfZEUDjv5M19SBqAkjZi0x5wuB5Qw==",
      "peer": true,
      "dependencies": {
        "tslib": "^2.0.0"
      }
    }
  },
  "dependencies": {
    "@angular/common": {
      "version": "12.2.16",
      "resolved": "https://registry.npmjs.org/@angular/common/-/common-12.2.16.tgz",
      "integrity": "sha512-FEqTXTEsnbDInqV1yFlm97Tz1OFqZS5t0TUkm8gzXRgpIce/F/jLwAg0u1VQkgOsno6cNm0xTWPoZgu85NI4ug==",
      "peer": true,
      "requires": {
        "tslib": "^2.2.0"
      }
    },
    "@angular/core": {
      "version": "12.2.16",
      "resolved": "https://registry.npmjs.org/@angular/core/-/core-12.2.16.tgz",
      "integrity": "sha512-jsmvaRdAfng99z2a9mAmkfcsCE1wm+tBYVDxnc5JquSXznwtncjzcoc2X0J0dzrkCDvzFfpTsZ9vehylytBc+A==",
      "peer": true,
      "requires": {
        "tslib": "^2.2.0"
      }
    },
    "@angular/forms": {
      "version": "12.2.16",
      "resolved": "https://registry.npmjs.org/@angular/forms/-/forms-12.2.16.tgz",
      "integrity": "sha512-sb+gpNun5aN7CZfHXS6X7vJcd/0A1P/gRBZpYtQTzBYnqEFCOFIvR62eb05aHQ4JhgKaSPpIXrbz/bAwY/njZw==",
      "peer": true,
      "requires": {
        "tslib": "^2.2.0"
      }
    },
    "@angular/platform-browser": {
      "version": "12.2.16",
      "resolved": "https://registry.npmjs.org/@angular/platform-browser/-/platform-browser-12.2.16.tgz",
      "integrity": "sha512-T855ppLeQO6hRHi7lGf5fwPoUVt+c0h2rgkV5jHElc3ylaGnhecmZc6fnWLX4pw82TMJUgUV88CY8JCFabJWwg==",
      "peer": true,
      "requires": {
        "tslib": "^2.2.0"
      }
    },
    "@ngx-translate/core": {
      "version": "13.0.0",
      "resolved": "https://registry.npmjs.org/@ngx-translate/core/-/core-13.0.0.tgz",
      "integrity": "sha512-+tzEp8wlqEnw0Gc7jtVRAJ6RteUjXw6JJR4O65KlnxOmJrCGPI0xjV/lKRnQeU0w4i96PQs/jtpL921Wrb7PWg==",
      "peer": true,
      "requires": {
        "tslib": "^2.0.0"
      }
    },
    "@ngx-translate/http-loader": {
      "version": "6.0.0",
      "resolved": "https://registry.npmjs.org/@ngx-translate/http-loader/-/http-loader-6.0.0.tgz",
      "integrity": "sha512-LCekn6qCbeXWlhESCxU1rAbZz33WzDG0lI7Ig0pYC1o5YxJWrkU9y3Y4tNi+jakQ7R6YhTR2D3ox6APxDtA0wA==",
      "peer": true,
      "requires": {
        "tslib": "^2.0.0"
      }
    },
    "primeicons": {
      "version": "5.0.0",
      "resolved": "https://registry.npmjs.org/primeicons/-/primeicons-5.0.0.tgz",
      "integrity": "sha512-heygWF0X5HFI1otlZE62pp6ye7sZ8om78J9au2BRkg8O7Y8AHTZ9qKMRzchZUHLe8zUAvdi6hZzzm9XxgwIExw==",
      "peer": true
    },
    "primeng": {
      "version": "12.2.3",
      "resolved": "https://registry.npmjs.org/primeng/-/primeng-12.2.3.tgz",
      "integrity": "sha512-O6NrFpdr8fPyD+8y85zGiBj5vacD2JZuBA2D6UpFav/8hx1OHX4hJYPGSZDyiAXn8v3lQjVD72ekIqox70II4A==",
      "peer": true,
      "requires": {
        "tslib": "^2.1.0"
      }
    },
    "rxjs": {
      "version": "7.5.2",
      "resolved": "https://registry.npmjs.org/rxjs/-/rxjs-7.5.2.tgz",
      "integrity": "sha512-PwDt186XaL3QN5qXj/H9DGyHhP3/RYYgZZwqBv9Tv8rsAaiwFH1IsJJlcgD37J7UW5a6O67qX0KWKS3/pu0m4w==",
      "peer": true,
      "requires": {
        "tslib": "^2.1.0"
      }
    },
    "tslib": {
      "version": "2.3.1",
      "resolved": "https://registry.npmjs.org/tslib/-/tslib-2.3.1.tgz",
      "integrity": "sha512-77EbyPPpMz+FRFRuAFlWMtmgUWGe9UOG2Z25NqCwiIjRhOf5iKGuzSe5P2w1laq+FkRy4p+PCuVkJSGkzTEKVw=="
    },
    "zone.js": {
      "version": "0.11.4",
      "resolved": "https://registry.npmjs.org/zone.js/-/zone.js-0.11.4.tgz",
      "integrity": "sha512-DDh2Ab+A/B+9mJyajPjHFPWfYU1H+pdun4wnnk0OcQTNjem1XQSZ2CDW+rfZEUDjv5M19SBqAkjZi0x5wuB5Qw==",
      "peer": true,
      "requires": {
        "tslib": "^2.0.0"
      }
    }
  }
}
